// !$*UTF8*$!
{
	archiveVersion = 1;
	classes = {
	};
	objectVersion = 50;
	objects = {

/* Begin PBXBuildFile section */
		320F69C622C0B47B0080156C /* FileMixedHelper.m in Sources */ = {isa = PBXBuildFile; fileRef = 320F69C522C0B47B0080156C /* FileMixedHelper.m */; };
		323E96242253360F00DF3995 /* FileManager.m in Sources */ = {isa = PBXBuildFile; fileRef = 323E96232253360F00DF3995 /* FileManager.m */; };
		325362EC2249C6F200F524F8 /* AppDelegate.m in Sources */ = {isa = PBXBuildFile; fileRef = 325362EB2249C6F200F524F8 /* AppDelegate.m */; };
		325362EF2249C6F200F524F8 /* ViewController.m in Sources */ = {isa = PBXBuildFile; fileRef = 325362EE2249C6F200F524F8 /* ViewController.m */; };
		325362F12249C6F500F524F8 /* Assets.xcassets in Resources */ = {isa = PBXBuildFile; fileRef = 325362F02249C6F500F524F8 /* Assets.xcassets */; };
		325362F42249C6F500F524F8 /* Main.storyboard in Resources */ = {isa = PBXBuildFile; fileRef = 325362F22249C6F500F524F8 /* Main.storyboard */; };
		325362F72249C6F500F524F8 /* main.m in Sources */ = {isa = PBXBuildFile; fileRef = 325362F62249C6F500F524F8 /* main.m */; };
		3278A9A022C3131E0045C748 /* SpamPropertyModel.m in Sources */ = {isa = PBXBuildFile; fileRef = 3278A99F22C3131E0045C748 /* SpamPropertyModel.m */; };
		3279C0B022C4BFAE0099AA11 /* SpamCategoryModel.m in Sources */ = {isa = PBXBuildFile; fileRef = 3279C0AF22C4BFAE0099AA11 /* SpamCategoryModel.m */; };
		3279C0B322C4C9410099AA11 /* SpamCodeTools.m in Sources */ = {isa = PBXBuildFile; fileRef = 3279C0B222C4C9410099AA11 /* SpamCodeTools.m */; };
		3283BE1122BA3021005C2EAE /* MixClassNameManager.m in Sources */ = {isa = PBXBuildFile; fileRef = 3283BE1022BA3021005C2EAE /* MixClassNameManager.m */; };
		32A5DB4B22C1FA4800E2F12A /* SpamCodeCreateManager.m in Sources */ = {isa = PBXBuildFile; fileRef = 32A5DB4A22C1FA4800E2F12A /* SpamCodeCreateManager.m */; };
		32BE37C2225306AB001809E6 /* TableViewCell.m in Sources */ = {isa = PBXBuildFile; fileRef = 32BE37C1225306AB001809E6 /* TableViewCell.m */; };
		32BE37C52253131D001809E6 /* pick@2x.png in Resources */ = {isa = PBXBuildFile; fileRef = 32BE37C32253131D001809E6 /* pick@2x.png */; };
		32BE37C62253131D001809E6 /* pick@3x.png in Resources */ = {isa = PBXBuildFile; fileRef = 32BE37C42253131D001809E6 /* pick@3x.png */; };
		32BE37CC22531EB9001809E6 /* FunctionModel.m in Sources */ = {isa = PBXBuildFile; fileRef = 32BE37CB22531EB9001809E6 /* FunctionModel.m */; };
/* End PBXBuildFile section */

/* Begin PBXFileReference section */
		320F69C422C0B47B0080156C /* FileMixedHelper.h */ = {isa = PBXFileReference; lastKnownFileType = sourcecode.c.h; path = FileMixedHelper.h; sourceTree = "<group>"; };
		320F69C522C0B47B0080156C /* FileMixedHelper.m */ = {isa = PBXFileReference; lastKnownFileType = sourcecode.c.objc; path = FileMixedHelper.m; sourceTree = "<group>"; };
		323E96222253360F00DF3995 /* FileManager.h */ = {isa = PBXFileReference; lastKnownFileType = sourcecode.c.h; path = FileManager.h; sourceTree = "<group>"; };
		323E96232253360F00DF3995 /* FileManager.m */ = {isa = PBXFileReference; lastKnownFileType = sourcecode.c.objc; path = FileManager.m; sourceTree = "<group>"; };
		325362E72249C6F200F524F8 /* CodeMixTool.app */ = {isa = PBXFileReference; explicitFileType = wrapper.application; includeInIndex = 0; path = CodeMixTool.app; sourceTree = BUILT_PRODUCTS_DIR; };
		325362EA2249C6F200F524F8 /* AppDelegate.h */ = {isa = PBXFileReference; lastKnownFileType = sourcecode.c.h; path = AppDelegate.h; sourceTree = "<group>"; };
		325362EB2249C6F200F524F8 /* AppDelegate.m */ = {isa = PBXFileReference; lastKnownFileType = sourcecode.c.objc; path = AppDelegate.m; sourceTree = "<group>"; };
		325362ED2249C6F200F524F8 /* ViewController.h */ = {isa = PBXFileReference; lastKnownFileType = sourcecode.c.h; path = ViewController.h; sourceTree = "<group>"; };
		325362EE2249C6F200F524F8 /* ViewController.m */ = {isa = PBXFileReference; lastKnownFileType = sourcecode.c.objc; path = ViewController.m; sourceTree = "<group>"; };
		325362F02249C6F500F524F8 /* Assets.xcassets */ = {isa = PBXFileReference; lastKnownFileType = folder.assetcatalog; path = Assets.xcassets; sourceTree = "<group>"; };
		325362F32249C6F500F524F8 /* Base */ = {isa = PBXFileReference; lastKnownFileType = file.storyboard; name = Base; path = Base.lproj/Main.storyboard; sourceTree = "<group>"; };
		325362F52249C6F500F524F8 /* Info.plist */ = {isa = PBXFileReference; lastKnownFileType = text.plist.xml; path = Info.plist; sourceTree = "<group>"; };
		325362F62249C6F500F524F8 /* main.m */ = {isa = PBXFileReference; lastKnownFileType = sourcecode.c.objc; path = main.m; sourceTree = "<group>"; };
		325362F82249C6F500F524F8 /* CodeMixTool.entitlements */ = {isa = PBXFileReference; lastKnownFileType = text.plist.entitlements; path = CodeMixTool.entitlements; sourceTree = "<group>"; };
		3278A99E22C3131E0045C748 /* SpamPropertyModel.h */ = {isa = PBXFileReference; lastKnownFileType = sourcecode.c.h; path = SpamPropertyModel.h; sourceTree = "<group>"; };
		3278A99F22C3131E0045C748 /* SpamPropertyModel.m */ = {isa = PBXFileReference; lastKnownFileType = sourcecode.c.objc; path = SpamPropertyModel.m; sourceTree = "<group>"; };
		3279C0AE22C4BFAE0099AA11 /* SpamCategoryModel.h */ = {isa = PBXFileReference; lastKnownFileType = sourcecode.c.h; path = SpamCategoryModel.h; sourceTree = "<group>"; };
		3279C0AF22C4BFAE0099AA11 /* SpamCategoryModel.m */ = {isa = PBXFileReference; lastKnownFileType = sourcecode.c.objc; path = SpamCategoryModel.m; sourceTree = "<group>"; };
		3279C0B122C4C9410099AA11 /* SpamCodeTools.h */ = {isa = PBXFileReference; lastKnownFileType = sourcecode.c.h; path = SpamCodeTools.h; sourceTree = "<group>"; };
		3279C0B222C4C9410099AA11 /* SpamCodeTools.m */ = {isa = PBXFileReference; lastKnownFileType = sourcecode.c.objc; path = SpamCodeTools.m; sourceTree = "<group>"; };
		3283BE0F22BA3021005C2EAE /* MixClassNameManager.h */ = {isa = PBXFileReference; lastKnownFileType = sourcecode.c.h; path = MixClassNameManager.h; sourceTree = "<group>"; };
		3283BE1022BA3021005C2EAE /* MixClassNameManager.m */ = {isa = PBXFileReference; lastKnownFileType = sourcecode.c.objc; path = MixClassNameManager.m; sourceTree = "<group>"; };
		32A5DB4922C1FA4800E2F12A /* SpamCodeCreateManager.h */ = {isa = PBXFileReference; lastKnownFileType = sourcecode.c.h; path = SpamCodeCreateManager.h; sourceTree = "<group>"; };
		32A5DB4A22C1FA4800E2F12A /* SpamCodeCreateManager.m */ = {isa = PBXFileReference; lastKnownFileType = sourcecode.c.objc; path = SpamCodeCreateManager.m; sourceTree = "<group>"; };
		32BE37C0225306AB001809E6 /* TableViewCell.h */ = {isa = PBXFileReference; lastKnownFileType = sourcecode.c.h; path = TableViewCell.h; sourceTree = "<group>"; };
		32BE37C1225306AB001809E6 /* TableViewCell.m */ = {isa = PBXFileReference; lastKnownFileType = sourcecode.c.objc; path = TableViewCell.m; sourceTree = "<group>"; };
		32BE37C32253131D001809E6 /* pick@2x.png */ = {isa = PBXFileReference; lastKnownFileType = image.png; path = "pick@2x.png"; sourceTree = "<group>"; };
		32BE37C42253131D001809E6 /* pick@3x.png */ = {isa = PBXFileReference; lastKnownFileType = image.png; path = "pick@3x.png"; sourceTree = "<group>"; };
		32BE37CA22531EB9001809E6 /* FunctionModel.h */ = {isa = PBXFileReference; lastKnownFileType = sourcecode.c.h; path = FunctionModel.h; sourceTree = "<group>"; };
		32BE37CB22531EB9001809E6 /* FunctionModel.m */ = {isa = PBXFileReference; lastKnownFileType = sourcecode.c.objc; path = FunctionModel.m; sourceTree = "<group>"; };
/* End PBXFileReference section */

/* Begin PBXFrameworksBuildPhase section */
		325362E42249C6F200F524F8 /* Frameworks */ = {
			isa = PBXFrameworksBuildPhase;
			buildActionMask = 2147483647;
			files = (
			);
			runOnlyForDeploymentPostprocessing = 0;
		};
/* End PBXFrameworksBuildPhase section */

/* Begin PBXGroup section */
		325362DE2249C6F200F524F8 = {
			isa = PBXGroup;
			children = (
				325362E92249C6F200F524F8 /* CodeMixTool */,
				325362E82249C6F200F524F8 /* Products */,
			);
			sourceTree = "<group>";
		};
		325362E82249C6F200F524F8 /* Products */ = {
			isa = PBXGroup;
			children = (
				325362E72249C6F200F524F8 /* CodeMixTool.app */,
			);
			name = Products;
			sourceTree = "<group>";
		};
		325362E92249C6F200F524F8 /* CodeMixTool */ = {
			isa = PBXGroup;
			children = (
				32BE37C32253131D001809E6 /* pick@2x.png */,
				32BE37C42253131D001809E6 /* pick@3x.png */,
				325362EA2249C6F200F524F8 /* AppDelegate.h */,
				325362EB2249C6F200F524F8 /* AppDelegate.m */,
				325362ED2249C6F200F524F8 /* ViewController.h */,
				325362EE2249C6F200F524F8 /* ViewController.m */,
				326CAA67229E7859009E0BF4 /* TableVIew */,
				326CAA68229E786E009E0BF4 /* FileManager */,
				325362F02249C6F500F524F8 /* Assets.xcassets */,
				325362F22249C6F500F524F8 /* Main.storyboard */,
				325362F52249C6F500F524F8 /* Info.plist */,
				325362F62249C6F500F524F8 /* main.m */,
				325362F82249C6F500F524F8 /* CodeMixTool.entitlements */,
			);
			path = CodeMixTool;
			sourceTree = "<group>";
		};
		326CAA67229E7859009E0BF4 /* TableVIew */ = {
			isa = PBXGroup;
			children = (
				32BE37CA22531EB9001809E6 /* FunctionModel.h */,
				32BE37CB22531EB9001809E6 /* FunctionModel.m */,
				32BE37C0225306AB001809E6 /* TableViewCell.h */,
				32BE37C1225306AB001809E6 /* TableViewCell.m */,
			);
			path = TableVIew;
			sourceTree = "<group>";
		};
		326CAA68229E786E009E0BF4 /* FileManager */ = {
			isa = PBXGroup;
			children = (
				323E96222253360F00DF3995 /* FileManager.h */,
				323E96232253360F00DF3995 /* FileManager.m */,
				32A5DB4822C1FA0F00E2F12A /* SpamCode */,
				3283BE0E22BA2FEA005C2EAE /* MixClassName */,
				320F69C422C0B47B0080156C /* FileMixedHelper.h */,
				320F69C522C0B47B0080156C /* FileMixedHelper.m */,
			);
			path = FileManager;
			sourceTree = "<group>";
		};
		3278A99D22C3127A0045C748 /* Model */ = {
			isa = PBXGroup;
			children = (
				3279C0AC22C4BF760099AA11 /* Property */,
				3279C0AD22C4BF8A0099AA11 /* Category */,
			);
			path = Model;
			sourceTree = "<group>";
		};
		3279C0AC22C4BF760099AA11 /* Property */ = {
			isa = PBXGroup;
			children = (
				3278A99E22C3131E0045C748 /* SpamPropertyModel.h */,
				3278A99F22C3131E0045C748 /* SpamPropertyModel.m */,
			);
			path = Property;
			sourceTree = "<group>";
		};
		3279C0AD22C4BF8A0099AA11 /* Category */ = {
			isa = PBXGroup;
			children = (
				3279C0AE22C4BFAE0099AA11 /* SpamCategoryModel.h */,
				3279C0AF22C4BFAE0099AA11 /* SpamCategoryModel.m */,
			);
			path = Category;
			sourceTree = "<group>";
		};
		3279C0B422C4C94C0099AA11 /* tools */ = {
			isa = PBXGroup;
			children = (
				3279C0B122C4C9410099AA11 /* SpamCodeTools.h */,
				3279C0B222C4C9410099AA11 /* SpamCodeTools.m */,
			);
			path = tools;
			sourceTree = "<group>";
		};
		3283BE0E22BA2FEA005C2EAE /* MixClassName */ = {
			isa = PBXGroup;
			children = (
				3283BE0F22BA3021005C2EAE /* MixClassNameManager.h */,
				3283BE1022BA3021005C2EAE /* MixClassNameManager.m */,
			);
			path = MixClassName;
			sourceTree = "<group>";
		};
		32A5DB4822C1FA0F00E2F12A /* SpamCode */ = {
			isa = PBXGroup;
			children = (
				32A5DB4922C1FA4800E2F12A /* SpamCodeCreateManager.h */,
				32A5DB4A22C1FA4800E2F12A /* SpamCodeCreateManager.m */,
				3278A99D22C3127A0045C748 /* Model */,
				3279C0B422C4C94C0099AA11 /* tools */,
			);
			path = SpamCode;
			sourceTree = "<group>";
		};
/* End PBXGroup section */

/* Begin PBXNativeTarget section */
		325362E62249C6F200F524F8 /* CodeMixTool */ = {
			isa = PBXNativeTarget;
			buildConfigurationList = 325362FB2249C6F500F524F8 /* Build configuration list for PBXNativeTarget "CodeMixTool" */;
			buildPhases = (
				325362E32249C6F200F524F8 /* Sources */,
				325362E42249C6F200F524F8 /* Frameworks */,
				325362E52249C6F200F524F8 /* Resources */,
			);
			buildRules = (
			);
			dependencies = (
			);
			name = CodeMixTool;
			productName = CodeMixTool;
			productReference = 325362E72249C6F200F524F8 /* CodeMixTool.app */;
			productType = "com.apple.product-type.application";
		};
/* End PBXNativeTarget section */

/* Begin PBXProject section */
		325362DF2249C6F200F524F8 /* Project object */ = {
			isa = PBXProject;
			attributes = {
				LastUpgradeCheck = 1000;
				ORGANIZATIONNAME = JJC;
				TargetAttributes = {
					325362E62249C6F200F524F8 = {
						CreatedOnToolsVersion = 10.0;
						SystemCapabilities = {
							com.apple.Sandbox = {
								enabled = 0;
							};
						};
					};
				};
			};
			buildConfigurationList = 325362E22249C6F200F524F8 /* Build configuration list for PBXProject "CodeMixTool" */;
			compatibilityVersion = "Xcode 9.3";
			developmentRegion = en;
			hasScannedForEncodings = 0;
			knownRegions = (
				en,
				Base,
			);
			mainGroup = 325362DE2249C6F200F524F8;
			productRefGroup = 325362E82249C6F200F524F8 /* Products */;
			projectDirPath = "";
			projectRoot = "";
			targets = (
				325362E62249C6F200F524F8 /* CodeMixTool */,
			);
		};
/* End PBXProject section */

/* Begin PBXResourcesBuildPhase section */
		325362E52249C6F200F524F8 /* Resources */ = {
			isa = PBXResourcesBuildPhase;
			buildActionMask = 2147483647;
			files = (
				325362F12249C6F500F524F8 /* Assets.xcassets in Resources */,
				32BE37C52253131D001809E6 /* pick@2x.png in Resources */,
				325362F42249C6F500F524F8 /* Main.storyboard in Resources */,
				32BE37C62253131D001809E6 /* pick@3x.png in Resources */,
			);
			runOnlyForDeploymentPostprocessing = 0;
		};
/* End PBXResourcesBuildPhase section */

/* Begin PBXSourcesBuildPhase section */
		325362E32249C6F200F524F8 /* Sources */ = {
			isa = PBXSourcesBuildPhase;
			buildActionMask = 2147483647;
			files = (
				325362EF2249C6F200F524F8 /* ViewController.m in Sources */,
				3283BE1122BA3021005C2EAE /* MixClassNameManager.m in Sources */,
				32BE37C2225306AB001809E6 /* TableViewCell.m in Sources */,
				3279C0B322C4C9410099AA11 /* SpamCodeTools.m in Sources */,
				3278A9A022C3131E0045C748 /* SpamPropertyModel.m in Sources */,
				320F69C622C0B47B0080156C /* FileMixedHelper.m in Sources */,
				32BE37CC22531EB9001809E6 /* FunctionModel.m in Sources */,
				325362F72249C6F500F524F8 /* main.m in Sources */,
				3279C0B022C4BFAE0099AA11 /* SpamCategoryModel.m in Sources */,
				32A5DB4B22C1FA4800E2F12A /* SpamCodeCreateManager.m in Sources */,
				325362EC2249C6F200F524F8 /* AppDelegate.m in Sources */,
				323E96242253360F00DF3995 /* FileManager.m in Sources */,
			);
			runOnlyForDeploymentPostprocessing = 0;
		};
/* End PBXSourcesBuildPhase section */

/* Begin PBXVariantGroup section */
		325362F22249C6F500F524F8 /* Main.storyboard */ = {
			isa = PBXVariantGroup;
			children = (
				325362F32249C6F500F524F8 /* Base */,
			);
			name = Main.storyboard;
			sourceTree = "<group>";
		};
/* End PBXVariantGroup section */

/* Begin XCBuildConfiguration section */
		325362F92249C6F500F524F8 /* Debug */ = {
			isa = XCBuildConfiguration;
			buildSettings = {
				ALWAYS_SEARCH_USER_PATHS = NO;
				CLANG_ANALYZER_NONNULL = YES;
				CLANG_ANALYZER_NUMBER_OBJECT_CONVERSION = YES_AGGRESSIVE;
				CLANG_CXX_LANGUAGE_STANDARD = "gnu++14";
				CLANG_CXX_LIBRARY = "libc++";
				CLANG_ENABLE_MODULES = YES;
				CLANG_ENABLE_OBJC_ARC = YES;
				CLANG_ENABLE_OBJC_WEAK = YES;
				CLANG_WARN_BLOCK_CAPTURE_AUTORELEASING = YES;
				CLANG_WARN_BOOL_CONVERSION = YES;
				CLANG_WARN_COMMA = YES;
				CLANG_WARN_CONSTANT_CONVERSION = YES;
				CLANG_WARN_DEPRECATED_OBJC_IMPLEMENTATIONS = YES;
				CLANG_WARN_DIRECT_OBJC_ISA_USAGE = YES_ERROR;
				CLANG_WARN_DOCUMENTATION_COMMENTS = YES;
				CLANG_WARN_EMPTY_BODY = YES;
				CLANG_WARN_ENUM_CONVERSION = YES;
				CLANG_WARN_INFINITE_RECURSION = YES;
				CLANG_WARN_INT_CONVERSION = YES;
				CLANG_WARN_NON_LITERAL_NULL_CONVERSION = YES;
				CLANG_WARN_OBJC_IMPLICIT_RETAIN_SELF = YES;
				CLANG_WARN_OBJC_LITERAL_CONVERSION = YES;
				CLANG_WARN_OBJC_ROOT_CLASS = YES_ERROR;
				CLANG_WARN_RANGE_LOOP_ANALYSIS = YES;
				CLANG_WARN_STRICT_PROTOTYPES = YES;
				CLANG_WARN_SUSPICIOUS_MOVE = YES;
				CLANG_WARN_UNGUARDED_AVAILABILITY = YES_AGGRESSIVE;
				CLANG_WARN_UNREACHABLE_CODE = YES;
				CLANG_WARN__DUPLICATE_METHOD_MATCH = YES;
				CODE_SIGN_IDENTITY = "Mac Developer";
				COPY_PHASE_STRIP = NO;
				DEBUG_INFORMATION_FORMAT = dwarf;
				ENABLE_STRICT_OBJC_MSGSEND = YES;
				ENABLE_TESTABILITY = YES;
				GCC_C_LANGUAGE_STANDARD = gnu11;
				GCC_DYNAMIC_NO_PIC = NO;
				GCC_NO_COMMON_BLOCKS = YES;
				GCC_OPTIMIZATION_LEVEL = 0;
				GCC_PREPROCESSOR_DEFINITIONS = (
					"DEBUG=1",
					"$(inherited)",
				);
				GCC_WARN_64_TO_32_BIT_CONVERSION = YES;
				GCC_WARN_ABOUT_RETURN_TYPE = YES_ERROR;
				GCC_WARN_UNDECLARED_SELECTOR = YES;
				GCC_WARN_UNINITIALIZED_AUTOS = YES_AGGRESSIVE;
				GCC_WARN_UNUSED_FUNCTION = YES;
				GCC_WARN_UNUSED_VARIABLE = YES;
				MACOSX_DEPLOYMENT_TARGET = 10.13;
				MTL_ENABLE_DEBUG_INFO = INCLUDE_SOURCE;
				MTL_FAST_MATH = YES;
				ONLY_ACTIVE_ARCH = YES;
				SDKROOT = macosx;
			};
			name = Debug;
		};
		325362FA2249C6F500F524F8 /* Release */ = {
			isa = XCBuildConfiguration;
			buildSettings = {
				ALWAYS_SEARCH_USER_PATHS = NO;
				CLANG_ANALYZER_NONNULL = YES;
				CLANG_ANALYZER_NUMBER_OBJECT_CONVERSION = YES_AGGRESSIVE;
				CLANG_CXX_LANGUAGE_STANDARD = "gnu++14";
				CLANG_CXX_LIBRARY = "libc++";
				CLANG_ENABLE_MODULES = YES;
				CLANG_ENABLE_OBJC_ARC = YES;
				CLANG_ENABLE_OBJC_WEAK = YES;
				CLANG_WARN_BLOCK_CAPTURE_AUTORELEASING = YES;
				CLANG_WARN_BOOL_CONVERSION = YES;
				CLANG_WARN_COMMA = YES;
				CLANG_WARN_CONSTANT_CONVERSION = YES;
				CLANG_WARN_DEPRECATED_OBJC_IMPLEMENTATIONS = YES;
				CLANG_WARN_DIRECT_OBJC_ISA_USAGE = YES_ERROR;
				CLANG_WARN_DOCUMENTATION_COMMENTS = YES;
				CLANG_WARN_EMPTY_BODY = YES;
				CLANG_WARN_ENUM_CONVERSION = YES;
				CLANG_WARN_INFINITE_RECURSION = YES;
				CLANG_WARN_INT_CONVERSION = YES;
				CLANG_WARN_NON_LITERAL_NULL_CONVERSION = YES;
				CLANG_WARN_OBJC_IMPLICIT_RETAIN_SELF = YES;
				CLANG_WARN_OBJC_LITERAL_CONVERSION = YES;
				CLANG_WARN_OBJC_ROOT_CLASS = YES_ERROR;
				CLANG_WARN_RANGE_LOOP_ANALYSIS = YES;
				CLANG_WARN_STRICT_PROTOTYPES = YES;
				CLANG_WARN_SUSPICIOUS_MOVE = YES;
				CLANG_WARN_UNGUARDED_AVAILABILITY = YES_AGGRESSIVE;
				CLANG_WARN_UNREACHABLE_CODE = YES;
				CLANG_WARN__DUPLICATE_METHOD_MATCH = YES;
				CODE_SIGN_IDENTITY = "Mac Developer";
				COPY_PHASE_STRIP = NO;
				DEBUG_INFORMATION_FORMAT = "dwarf-with-dsym";
				ENABLE_NS_ASSERTIONS = NO;
				ENABLE_STRICT_OBJC_MSGSEND = YES;
				GCC_C_LANGUAGE_STANDARD = gnu11;
				GCC_NO_COMMON_BLOCKS = YES;
				GCC_WARN_64_TO_32_BIT_CONVERSION = YES;
				GCC_WARN_ABOUT_RETURN_TYPE = YES_ERROR;
				GCC_WARN_UNDECLARED_SELECTOR = YES;
				GCC_WARN_UNINITIALIZED_AUTOS = YES_AGGRESSIVE;
				GCC_WARN_UNUSED_FUNCTION = YES;
				GCC_WARN_UNUSED_VARIABLE = YES;
				MACOSX_DEPLOYMENT_TARGET = 10.13;
				MTL_ENABLE_DEBUG_INFO = NO;
				MTL_FAST_MATH = YES;
				SDKROOT = macosx;
			};
			name = Release;
		};
		325362FC2249C6F500F524F8 /* Debug */ = {
			isa = XCBuildConfiguration;
			buildSettings = {
				ASSETCATALOG_COMPILER_APPICON_NAME = AppIcon;
				CODE_SIGN_STYLE = Automatic;
				COMBINE_HIDPI_IMAGES = YES;
				DEVELOPMENT_TEAM = ANTGV8UZTJ;
				INFOPLIST_FILE = CodeMixTool/Info.plist;
				LD_RUNPATH_SEARCH_PATHS = (
					"$(inherited)",
					"@executable_path/../Frameworks",
				);
				PRODUCT_BUNDLE_IDENTIFIER = bjut.CodeMixTool;
				PRODUCT_NAME = "$(TARGET_NAME)";
			};
			name = Debug;
		};
		325362FD2249C6F500F524F8 /* Release */ = {
			isa = XCBuildConfiguration;
			buildSettings = {
				ASSETCATALOG_COMPILER_APPICON_NAME = AppIcon;
				CODE_SIGN_STYLE = Automatic;
				COMBINE_HIDPI_IMAGES = YES;
				DEVELOPMENT_TEAM = ANTGV8UZTJ;
				INFOPLIST_FILE = CodeMixTool/Info.plist;
				LD_RUNPATH_SEARCH_PATHS = (
					"$(inherited)",
					"@executable_path/../Frameworks",
				);
				PRODUCT_BUNDLE_IDENTIFIER = bjut.CodeMixTool;
				PRODUCT_NAME = "$(TARGET_NAME)";
			};
			name = Release;
		};
/* End XCBuildConfiguration section */

/* Begin XCConfigurationList section */
		325362E22249C6F200F524F8 /* Build configuration list for PBXProject "CodeMixTool" */ = {
			isa = XCConfigurationList;
			buildConfigurations = (
				325362F92249C6F500F524F8 /* Debug */,
				325362FA2249C6F500F524F8 /* Release */,
			);
			defaultConfigurationIsVisible = 0;
			defaultConfigurationName = Release;
		};
		325362FB2249C6F500F524F8 /* Build configuration list for PBXNativeTarget "CodeMixTool" */ = {
			isa = XCConfigurationList;
			buildConfigurations = (
				325362FC2249C6F500F524F8 /* Debug */,
				325362FD2249C6F500F524F8 /* Release */,
			);
			defaultConfigurationIsVisible = 0;
			defaultConfigurationName = Release;
		};
/* End XCConfigurationList section */
	};
	rootObject = 325362DF2249C6F200F524F8 /* Project object */;
}
